// !$*UTF8*$!
{
	archiveVersion = 1;
	classes = {
	};
	objectVersion = 46;
	objects = {

/* Begin PBXBuildFile section */
		424644261703F5EA00B4E685 /* main.cpp in Sources */ = {isa = PBXBuildFile; fileRef = 424644251703F5EA00B4E685 /* main.cpp */; };
		424644281703F5EA00B4E685 /* MapExample.1 in CopyFiles */ = {isa = PBXBuildFile; fileRef = 424644271703F5EA00B4E685 /* MapExample.1 */; };
		424644361704992100B4E685 /* rover.cpp in Sources */ = {isa = PBXBuildFile; fileRef = 424644341704992100B4E685 /* rover.cpp */; };
		424644391704998500B4E685 /* sphere.cpp in Sources */ = {isa = PBXBuildFile; fileRef = 424644371704998500B4E685 /* sphere.cpp */; };
		4246443C17049B0600B4E685 /* point.cpp in Sources */ = {isa = PBXBuildFile; fileRef = 4246443A17049B0600B4E685 /* point.cpp */; };
/* End PBXBuildFile section */

/* Begin PBXCopyFilesBuildPhase section */
		4246441F1703F5EA00B4E685 /* CopyFiles */ = {
			isa = PBXCopyFilesBuildPhase;
			buildActionMask = 2147483647;
			dstPath = /usr/share/man/man1/;
			dstSubfolderSpec = 0;
			files = (
				424644281703F5EA00B4E685 /* MapExample.1 in CopyFiles */,
			);
			runOnlyForDeploymentPostprocessing = 1;
		};
/* End PBXCopyFilesBuildPhase section */

/* Begin PBXFileReference section */
		424644211703F5EA00B4E685 /* MapExample */ = {isa = PBXFileReference; explicitFileType = "compiled.mach-o.executable"; includeInIndex = 0; path = MapExample; sourceTree = BUILT_PRODUCTS_DIR; };
		424644251703F5EA00B4E685 /* main.cpp */ = {isa = PBXFileReference; lastKnownFileType = sourcecode.cpp.cpp; path = main.cpp; sourceTree = "<group>"; };
		424644271703F5EA00B4E685 /* MapExample.1 */ = {isa = PBXFileReference; lastKnownFileType = text.man; path = MapExample.1; sourceTree = "<group>"; };
		424644341704992100B4E685 /* rover.cpp */ = {isa = PBXFileReference; fileEncoding = 4; lastKnownFileType = sourcecode.cpp.cpp; path = rover.cpp; sourceTree = "<group>"; };
		424644351704992100B4E685 /* rover.h */ = {isa = PBXFileReference; fileEncoding = 4; lastKnownFileType = sourcecode.c.h; path = rover.h; sourceTree = "<group>"; };
		424644371704998500B4E685 /* sphere.cpp */ = {isa = PBXFileReference; fileEncoding = 4; lastKnownFileType = sourcecode.cpp.cpp; path = sphere.cpp; sourceTree = "<group>"; };
		424644381704998500B4E685 /* sphere.h */ = {isa = PBXFileReference; fileEncoding = 4; lastKnownFileType = sourcecode.c.h; path = sphere.h; sourceTree = "<group>"; };
		4246443A17049B0600B4E685 /* point.cpp */ = {isa = PBXFileReference; fileEncoding = 4; lastKnownFileType = sourcecode.cpp.cpp; path = point.cpp; sourceTree = "<group>"; };
		4246443B17049B0600B4E685 /* point.h */ = {isa = PBXFileReference; fileEncoding = 4; lastKnownFileType = sourcecode.c.h; path = point.h; sourceTree = "<group>"; };
/* End PBXFileReference section */

/* Begin PBXFrameworksBuildPhase section */
		4246441E1703F5EA00B4E685 /* Frameworks */ = {
			isa = PBXFrameworksBuildPhase;
			buildActionMask = 2147483647;
			files = (
			);
			runOnlyForDeploymentPostprocessing = 0;
		};
/* End PBXFrameworksBuildPhase section */

/* Begin PBXGroup section */
		424644161703F5EA00B4E685 = {
			isa = PBXGroup;
			children = (
				424644241703F5EA00B4E685 /* MapExample */,
				424644221703F5EA00B4E685 /* Products */,
			);
			sourceTree = "<group>";
		};
		424644221703F5EA00B4E685 /* Products */ = {
			isa = PBXGroup;
			children = (
				424644211703F5EA00B4E685 /* MapExample */,
			);
			name = Products;
			sourceTree = "<group>";
		};
		424644241703F5EA00B4E685 /* MapExample */ = {
			isa = PBXGroup;
			children = (
				424644341704992100B4E685 /* rover.cpp */,
				424644351704992100B4E685 /* rover.h */,
				424644371704998500B4E685 /* sphere.cpp */,
				424644381704998500B4E685 /* sphere.h */,
				424644251703F5EA00B4E685 /* main.cpp */,
				424644271703F5EA00B4E685 /* MapExample.1 */,
				4246443A17049B0600B4E685 /* point.cpp */,
				4246443B17049B0600B4E685 /* point.h */,
			);
			path = MapExample;
			sourceTree = "<group>";
		};
/* End PBXGroup section */

/* Begin PBXNativeTarget section */
		424644201703F5EA00B4E685 /* MapExample */ = {
			isa = PBXNativeTarget;
			buildConfigurationList = 4246442B1703F5EA00B4E685 /* Build configuration list for PBXNativeTarget "MapExample" */;
			buildPhases = (
				4246441D1703F5EA00B4E685 /* Sources */,
				4246441E1703F5EA00B4E685 /* Frameworks */,
				4246441F1703F5EA00B4E685 /* CopyFiles */,
			);
			buildRules = (
			);
			dependencies = (
			);
			name = MapExample;
			productName = MapExample;
			productReference = 424644211703F5EA00B4E685 /* MapExample */;
			productType = "com.apple.product-type.tool";
		};
/* End PBXNativeTarget section */

/* Begin PBXProject section */
		424644181703F5EA00B4E685 /* Project object */ = {
			isa = PBXProject;
			attributes = {
				LastUpgradeCheck = 0450;
				ORGANIZATIONNAME = "Rashmi Devarahalli";
			};
			buildConfigurationList = 4246441B1703F5EA00B4E685 /* Build configuration list for PBXProject "MapExample" */;
			compatibilityVersion = "Xcode 3.2";
			developmentRegion = English;
			hasScannedForEncodings = 0;
			knownRegions = (
				en,
			);
			mainGroup = 424644161703F5EA00B4E685;
			productRefGroup = 424644221703F5EA00B4E685 /* Products */;
			projectDirPath = "";
			projectRoot = "";
			targets = (
				424644201703F5EA00B4E685 /* MapExample */,
			);
		};
/* End PBXProject section */

/* Begin PBXSourcesBuildPhase section */
		4246441D1703F5EA00B4E685 /* Sources */ = {
			isa = PBXSourcesBuildPhase;
			buildActionMask = 2147483647;
			files = (
				424644261703F5EA00B4E685 /* main.cpp in Sources */,
				424644361704992100B4E685 /* rover.cpp in Sources */,
				424644391704998500B4E685 /* sphere.cpp in Sources */,
				4246443C17049B0600B4E685 /* point.cpp in Sources */,
			);
			runOnlyForDeploymentPostprocessing = 0;
		};
/* End PBXSourcesBuildPhase section */

/* Begin XCBuildConfiguration section */
		424644291703F5EA00B4E685 /* Debug */ = {
			isa = XCBuildConfiguration;
			buildSettings = {
				ALWAYS_SEARCH_USER_PATHS = NO;
				ARCHS = "$(ARCHS_STANDARD_64_BIT)";
				CLANG_CXX_LANGUAGE_STANDARD = "gnu++0x";
				CLANG_CXX_LIBRARY = "libc++";
				CLANG_ENABLE_OBJC_ARC = YES;
				CLANG_WARN_EMPTY_BODY = YES;
				CLANG_WARN__DUPLICATE_METHOD_MATCH = YES;
				COPY_PHASE_STRIP = NO;
				GCC_C_LANGUAGE_STANDARD = gnu99;
				GCC_DYNAMIC_NO_PIC = NO;
				GCC_ENABLE_OBJC_EXCEPTIONS = YES;
				GCC_OPTIMIZATION_LEVEL = 0;
				GCC_PREPROCESSOR_DEFINITIONS = (
					"DEBUG=1",
					"$(inherited)",
				);
				GCC_SYMBOLS_PRIVATE_EXTERN = NO;
				GCC_WARN_64_TO_32_BIT_CONVERSION = YES;
				GCC_WARN_ABOUT_RETURN_TYPE = YES;
				GCC_WARN_UNINITIALIZED_AUTOS = YES;
				GCC_WARN_UNUSED_VARIABLE = YES;
				MACOSX_DEPLOYMENT_TARGET = 10.8;
				ONLY_ACTIVE_ARCH = YES;
				SDKROOT = macosx;
			};
			name = Debug;
		};
		4246442A1703F5EA00B4E685 /* Release */ = {
			isa = XCBuildConfiguration;
			buildSettings = {
				ALWAYS_SEARCH_USER_PATHS = NO;
				ARCHS = "$(ARCHS_STANDARD_64_BIT)";
				CLANG_CXX_LANGUAGE_STANDARD = "gnu++0x";
				CLANG_CXX_LIBRARY = "libc++";
				CLANG_ENABLE_OBJC_ARC = YES;
				CLANG_WARN_EMPTY_BODY = YES;
				CLANG_WARN__DUPLICATE_METHOD_MATCH = YES;
				COPY_PHASE_STRIP = YES;
				DEBUG_INFORMATION_FORMAT = "dwarf-with-dsym";
				GCC_C_LANGUAGE_STANDARD = gnu99;
				GCC_ENABLE_OBJC_EXCEPTIONS = YES;
				GCC_WARN_64_TO_32_BIT_CONVERSION = YES;
				GCC_WARN_ABOUT_RETURN_TYPE = YES;
				GCC_WARN_UNINITIALIZED_AUTOS = YES;
				GCC_WARN_UNUSED_VARIABLE = YES;
				MACOSX_DEPLOYMENT_TARGET = 10.8;
				SDKROOT = macosx;
			};
			name = Release;
		};
		4246442C1703F5EA00B4E685 /* Debug */ = {
			isa = XCBuildConfiguration;
			buildSettings = {
				PRODUCT_NAME = "$(TARGET_NAME)";
			};
			name = Debug;
		};
		4246442D1703F5EA00B4E685 /* Release */ = {
			isa = XCBuildConfiguration;
			buildSettings = {
				PRODUCT_NAME = "$(TARGET_NAME)";
			};
			name = Release;
		};
/* End XCBuildConfiguration section */

/* Begin XCConfigurationList section */
		4246441B1703F5EA00B4E685 /* Build configuration list for PBXProject "MapExample" */ = {
			isa = XCConfigurationList;
			buildConfigurations = (
				424644291703F5EA00B4E685 /* Debug */,
				4246442A1703F5EA00B4E685 /* Release */,
			);
			defaultConfigurationIsVisible = 0;
			defaultConfigurationName = Release;
		};
		4246442B1703F5EA00B4E685 /* Build configuration list for PBXNativeTarget "MapExample" */ = {
			isa = XCConfigurationList;
			buildConfigurations = (
				4246442C1703F5EA00B4E685 /* Debug */,
				4246442D1703F5EA00B4E685 /* Release */,
			);
			defaultConfigurationIsVisible = 0;
		};
/* End XCConfigurationList section */
	};
	rootObject = 424644181703F5EA00B4E685 /* Project object */;
}
